
Microsoft Visual Studio Solution File, Format Version 12.00
# Visual Studio Version 17
VisualStudioVersion = 17.4.33213.308
MinimumVisualStudioVersion = 10.0.40219.1
Project("{FAE04EC0-301F-11D3-BF4B-00C04F79EFBC}") = "BlazorServerMiniProject", "BlazorServerMiniProject\BlazorServerMiniProject.csproj", "{1B7580E9-3B44-4499-83A5-446ECC586F71}"
EndProject
Global
	GlobalSection(SolutionConfigurationPlatforms) = preSolution
		Debug|Any CPU = Debug|Any CPU
		Release|Any CPU = Release|Any CPU
	EndGlobalSection
	GlobalSection(ProjectConfigurationPlatforms) = postSolution
		{1B7580E9-3B44-4499-83A5-446ECC586F71}.Debug|Any CPU.ActiveCfg = Debug|Any CPU
		{1B7580E9-3B44-4499-83A5-446ECC586F71}.Debug|Any CPU.Build.0 = Debug|Any CPU
		{1B7580E9-3B44-4499-83A5-446ECC586F71}.Release|Any CPU.ActiveCfg = Release|Any CPU
		{1B7580E9-3B44-4499-83A5-446ECC586F71}.Release|Any CPU.Build.0 = Release|Any CPU
	EndGlobalSection
	GlobalSection(SolutionProperties) = preSolution
		HideSolutionNode = FALSE
	EndGlobalSection
	GlobalSection(ExtensibilityGlobals) = postSolution
		SolutionGuid = {16384BB0-1E83-4503-9671-71E21C166461}
	EndGlobalSection
EndGlobal
